
Microsoft Visual Studio Solution File, Format Version 12.00
# Visual Studio Version 16
VisualStudioVersion = 16.0.29613.14
MinimumVisualStudioVersion = 10.0.40219.1
Project("{FAE04EC0-301F-11D3-BF4B-00C04F79EFBC}") = "CodingChallenge1", "CodingChallenge1\CodingChallenge1.csproj", "{53151BDC-D070-4F73-B887-1186C9E84F84}"
EndProject
Project("{FAE04EC0-301F-11D3-BF4B-00C04F79EFBC}") = "PalindromeTestLib", "PalindromeTestLib\PalindromeTestLib.csproj", "{4BF031BA-EB45-4AFD-9915-9C3283B45F06}"
EndProject
Project("{FAE04EC0-301F-11D3-BF4B-00C04F79EFBC}") = "PalindromeTest", "PalindromeTest\PalindromeTest.csproj", "{07F09BF7-0EF3-420A-A93C-89F2D2599CD7}"
EndProject
Global
	GlobalSection(SolutionConfigurationPlatforms) = preSolution
		Debug|Any CPU = Debug|Any CPU
		Release|Any CPU = Release|Any CPU
	EndGlobalSection
	GlobalSection(ProjectConfigurationPlatforms) = postSolution
		{53151BDC-D070-4F73-B887-1186C9E84F84}.Debug|Any CPU.ActiveCfg = Debug|Any CPU
		{53151BDC-D070-4F73-B887-1186C9E84F84}.Debug|Any CPU.Build.0 = Debug|Any CPU
		{53151BDC-D070-4F73-B887-1186C9E84F84}.Release|Any CPU.ActiveCfg = Release|Any CPU
		{53151BDC-D070-4F73-B887-1186C9E84F84}.Release|Any CPU.Build.0 = Release|Any CPU
		{4BF031BA-EB45-4AFD-9915-9C3283B45F06}.Debug|Any CPU.ActiveCfg = Debug|Any CPU
		{4BF031BA-EB45-4AFD-9915-9C3283B45F06}.Debug|Any CPU.Build.0 = Debug|Any CPU
		{4BF031BA-EB45-4AFD-9915-9C3283B45F06}.Release|Any CPU.ActiveCfg = Release|Any CPU
		{4BF031BA-EB45-4AFD-9915-9C3283B45F06}.Release|Any CPU.Build.0 = Release|Any CPU
		{07F09BF7-0EF3-420A-A93C-89F2D2599CD7}.Debug|Any CPU.ActiveCfg = Debug|Any CPU
		{07F09BF7-0EF3-420A-A93C-89F2D2599CD7}.Debug|Any CPU.Build.0 = Debug|Any CPU
		{07F09BF7-0EF3-420A-A93C-89F2D2599CD7}.Release|Any CPU.ActiveCfg = Release|Any CPU
		{07F09BF7-0EF3-420A-A93C-89F2D2599CD7}.Release|Any CPU.Build.0 = Release|Any CPU
	EndGlobalSection
	GlobalSection(SolutionProperties) = preSolution
		HideSolutionNode = FALSE
	EndGlobalSection
	GlobalSection(ExtensibilityGlobals) = postSolution
		SolutionGuid = {A65FCBD8-FCCB-495D-B42B-E848F05D175A}
	EndGlobalSection
EndGlobal
